{
  "name": "tc-pipelines-osv-compliant",
  "lockfileVersion": 3,
  "requires": true,
  "packages": {
    "": {
      "name": "tc-pipelines-osv-compliant",
      "dependencies": {
        "lodash": "4.17.21"
      }
    },
    "node_modules/lodash": {
      "version": "4.17.21",
      "resolved": "https://registry.npmjs.org/lodash/-/lodash-4.17.21.tgz"
    }
  }
}
