lockfileVersion: '9.0'

settings:
  autoInstallPeers: true
  excludeLinksFromLockfile: false

importers:

  .:
    dependencies:
      yaml:
        specifier: 2.9.1
        version: 2.9.1

packages:

  yaml@2.9.1:
    resolution: {integrity: sha512-3NxN8+78OdzbT7C/WjGsyfPAtJaN3FNDsWxv7Y7mcDsT/oOmgW8BpyQQFFBnvZE3j9Y2Sdz1ULFLezL7Eb2yFw==}
    engines: {node: '>= 14.6'}
    hasBin: true

snapshots:

  yaml@2.9.1: {}
